{
  "version": 4,
  "terraform_version": "1.6.6",
  "serial": 1,
  "lineage": "5594fba1-9fc6-9253-46c8-77e43c47817e",
  "outputs": {},
  "resources": [
    {
      "mode": "managed",
      "type": "google_compute_address",
      "name": "external_ip",
      "provider": "provider[\"registry.terraform.io/hashicorp/google\"]",
      "instances": [
        {
          "schema_version": 0,
          "attributes": {
            "address": "34.171.189.44",
            "address_type": "EXTERNAL",
            "creation_timestamp": "2024-01-04T08:11:51.347-08:00",
            "description": "",
            "effective_labels": {},
            "id": "projects/proyectofinal-410115/regions/us-central1/addresses/mi-ip-externa",
            "ip_version": "",
            "ipv6_endpoint_type": "",
            "label_fingerprint": "42WmSpB8rSM=",
            "labels": null,
            "name": "mi-ip-externa",
            "network": "",
            "network_tier": "PREMIUM",
            "prefix_length": 0,
            "project": "proyectofinal-410115",
            "purpose": "",
            "region": "us-central1",
            "self_link": "https://www.googleapis.com/compute/v1/projects/proyectofinal-410115/regions/us-central1/addresses/mi-ip-externa",
            "subnetwork": "",
            "terraform_labels": {},
            "timeouts": null,
            "users": []
          },
          "sensitive_attributes": [],
          "private": "eyJlMmJmYjczMC1lY2FhLTExZTYtOGY4OC0zNDM2M2JjN2M0YzAiOnsiY3JlYXRlIjoxMjAwMDAwMDAwMDAwLCJkZWxldGUiOjEyMDAwMDAwMDAwMDAsInVwZGF0ZSI6MTIwMDAwMDAwMDAwMH19"
        }
      ]
    }
  ],
  "check_results": null
}
