{
  "version": 4,
  "terraform_version": "1.6.6",
  "serial": 3,
  "lineage": "5594fba1-9fc6-9253-46c8-77e43c47817e",
  "outputs": {},
  "resources": [
    {
      "mode": "managed",
      "type": "google_compute_address",
      "name": "external_ip",
      "provider": "provider[\"registry.terraform.io/hashicorp/google\"]",
      "instances": [
        {
          "schema_version": 0,
          "attributes": {
            "address": "34.171.189.44",
            "address_type": "EXTERNAL",
            "creation_timestamp": "2024-01-04T08:11:51.347-08:00",
            "description": "",
            "effective_labels": {},
            "id": "projects/proyectofinal-410115/regions/us-central1/addresses/mi-ip-externa",
            "ip_version": "",
            "ipv6_endpoint_type": "",
            "label_fingerprint": "42WmSpB8rSM=",
            "labels": {},
            "name": "mi-ip-externa",
            "network": "",
            "network_tier": "PREMIUM",
            "prefix_length": 0,
            "project": "proyectofinal-410115",
            "purpose": "",
            "region": "us-central1",
            "self_link": "https://www.googleapis.com/compute/v1/projects/proyectofinal-410115/regions/us-central1/addresses/mi-ip-externa",
            "subnetwork": "",
            "terraform_labels": {},
            "timeouts": null,
            "users": []
          },
          "sensitive_attributes": [],
          "private": "eyJlMmJmYjczMC1lY2FhLTExZTYtOGY4OC0zNDM2M2JjN2M0YzAiOnsiY3JlYXRlIjoxMjAwMDAwMDAwMDAwLCJkZWxldGUiOjEyMDAwMDAwMDAwMDAsInVwZGF0ZSI6MTIwMDAwMDAwMDAwMH19"
        }
      ]
    },
    {
      "mode": "managed",
      "type": "google_compute_instance",
      "name": "instancia_final",
      "provider": "provider[\"registry.terraform.io/hashicorp/google\"]",
      "instances": [
        {
          "schema_version": 6,
          "attributes": {
            "advanced_machine_features": [],
            "allow_stopping_for_update": null,
            "attached_disk": [],
            "boot_disk": [
              {
                "auto_delete": true,
                "device_name": "persistent-disk-0",
                "disk_encryption_key_raw": "",
                "disk_encryption_key_sha256": "",
                "initialize_params": [
                  {
                    "image": "https://www.googleapis.com/compute/v1/projects/ubuntu-os-cloud/global/images/ubuntu-2004-focal-v20231213",
                    "labels": {},
                    "resource_manager_tags": null,
                    "size": 10,
                    "type": "pd-standard"
                  }
                ],
                "kms_key_self_link": "",
                "mode": "READ_WRITE",
                "source": "https://www.googleapis.com/compute/v1/projects/proyectofinal-410115/zones/us-central1-b/disks/instancia-final-1"
              }
            ],
            "can_ip_forward": false,
            "confidential_instance_config": [],
            "cpu_platform": "Intel Haswell",
            "current_status": "RUNNING",
            "deletion_protection": false,
            "description": "",
            "desired_status": null,
            "effective_labels": {},
            "enable_display": false,
            "guest_accelerator": [],
            "hostname": "",
            "id": "projects/proyectofinal-410115/zones/us-central1-b/instances/instancia-final-1",
            "instance_id": "1439030505063016387",
            "label_fingerprint": "42WmSpB8rSM=",
            "labels": null,
            "machine_type": "n1-standard-1",
            "metadata": {
              "ssh-keys": "pia:ssh-rsa AAAAB3NzaC1yc2EAAAADAQABAAABgQDT7AVKldoLFYdXzgdxiTvG+YBPi8Rv2uw4jFLfJjsdMqc2C2Q6H3Sd7RUtH6W3Iq8ssXl5DK5SRHIBbdsckGpBW4z7MU82rcRHzU1JzzeyLkPFBFFJTpk2rhb5FJuDvlakXUnVeUwtQMx1uDuyA6nABMm7pfpNZmw0XRCN0jdjfaiO+haLBjTm1C2dxSILOaFoY5o6fMUveYW068yTkgoZsTaJSCDU3CgamcqmqaEBX6RwHwqWRj2/v04pdwh4HtnFlDKhNMyNHMo4h703Ix3BWExS38SqYPohWIziSJNygg+gqC/8TIjN2u9dvtCp4eyPj2y8kPZ0T4jSILRMGxk2ffLCznB4cLA53WRYgLsbtCMw8srw9KZihHgOboeusSFo0ll64ozXwe0u71dVOHrGdYXDzkJeT/vnwHgCHcZ/C5kq0/ivZgImI2Oh27L5zEf6+/WmyGsoafV+nxAKaifmxkCpHqqX92N4zeo6/S5hXEgYMlwYVUjM+ar7+MxyPgU= pia@piaUbuntu\n"
            },
            "metadata_fingerprint": "Nc5MWTK2uEg=",
            "metadata_startup_script": null,
            "min_cpu_platform": "",
            "name": "instancia-final-1",
            "network_interface": [
              {
                "access_config": [
                  {
                    "nat_ip": "34.171.189.44",
                    "network_tier": "PREMIUM",
                    "public_ptr_domain_name": ""
                  }
                ],
                "alias_ip_range": [],
                "internal_ipv6_prefix_length": 0,
                "ipv6_access_config": [],
                "ipv6_access_type": "",
                "ipv6_address": "",
                "name": "nic0",
                "network": "https://www.googleapis.com/compute/v1/projects/proyectofinal-410115/global/networks/default",
                "network_ip": "10.128.0.4",
                "nic_type": "",
                "queue_count": 0,
                "stack_type": "IPV4_ONLY",
                "subnetwork": "https://www.googleapis.com/compute/v1/projects/proyectofinal-410115/regions/us-central1/subnetworks/default",
                "subnetwork_project": "proyectofinal-410115"
              }
            ],
            "network_performance_config": [],
            "params": [],
            "project": "proyectofinal-410115",
            "reservation_affinity": [],
            "resource_policies": null,
            "scheduling": [
              {
                "automatic_restart": true,
                "instance_termination_action": "",
                "local_ssd_recovery_timeout": [],
                "min_node_cpus": 0,
                "node_affinities": [],
                "on_host_maintenance": "MIGRATE",
                "preemptible": false,
                "provisioning_model": "STANDARD"
              }
            ],
            "scratch_disk": [],
            "self_link": "https://www.googleapis.com/compute/v1/projects/proyectofinal-410115/zones/us-central1-b/instances/instancia-final-1",
            "service_account": [],
            "shielded_instance_config": [
              {
                "enable_integrity_monitoring": true,
                "enable_secure_boot": false,
                "enable_vtpm": true
              }
            ],
            "tags": null,
            "tags_fingerprint": "42WmSpB8rSM=",
            "terraform_labels": {},
            "timeouts": null,
            "zone": "us-central1-b"
          },
          "sensitive_attributes": [],
          "private": "eyJlMmJmYjczMC1lY2FhLTExZTYtOGY4OC0zNDM2M2JjN2M0YzAiOnsiY3JlYXRlIjoxMjAwMDAwMDAwMDAwLCJkZWxldGUiOjEyMDAwMDAwMDAwMDAsInVwZGF0ZSI6MTIwMDAwMDAwMDAwMH0sInNjaGVtYV92ZXJzaW9uIjoiNiJ9",
          "dependencies": [
            "google_compute_address.external_ip"
          ]
        }
      ]
    }
  ],
  "check_results": null
}
